
Microsoft Visual Studio Solution File, Format Version 12.00
# Visual Studio 15
Project("{2150E333-8FDC-42A3-9474-1A3956D46DE8}") = "CMakePredefinedTargets", "CMakePredefinedTargets", "{1EC2F960-29CA-3B30-B35E-C0C1F05D97ED}"
EndProject
Project("{2150E333-8FDC-42A3-9474-1A3956D46DE8}") = "External", "External", "{8A58B5DB-EA7F-3418-B0A4-9B4F89BB7FEC}"
EndProject
Project("{2150E333-8FDC-42A3-9474-1A3956D46DE8}") = "Internal", "Internal", "{E9FCE745-3C86-3A8B-808F-7D3B49424AD3}"
EndProject
Project("{2150E333-8FDC-42A3-9474-1A3956D46DE8}") = "Utils", "Utils", "{5E04E405-9D25-3A66-B127-62DF63B83BB1}"
EndProject
Project("{8BC9CEB8-8B4A-11D0-8D11-00A0C91BC942}") = "ALL_BUILD", "ALL_BUILD.vcxproj", "{D53EEBB5-8479-3451-B5D9-1EB11EED892A}"
	ProjectSection(ProjectDependencies) = postProject
		{67ACF040-27E5-3BC1-B16D-361E4C7B8662} = {67ACF040-27E5-3BC1-B16D-361E4C7B8662}
		{5BF14093-2558-31DC-8432-F5A67F635ACD} = {5BF14093-2558-31DC-8432-F5A67F635ACD}
		{9B6B0DDD-542E-301D-AFD0-B3F930AA26E3} = {9B6B0DDD-542E-301D-AFD0-B3F930AA26E3}
		{F92519A5-E938-3F3E-A2E7-C4BB91DF7763} = {F92519A5-E938-3F3E-A2E7-C4BB91DF7763}
		{80DC47BC-C1B1-3B27-8528-F5A76C2FEDC8} = {80DC47BC-C1B1-3B27-8528-F5A76C2FEDC8}
		{FC427B51-2A49-3181-907B-12FCA75EE00A} = {FC427B51-2A49-3181-907B-12FCA75EE00A}
		{0E187DFA-75A6-3B5D-AF40-7CBFEECCB12C} = {0E187DFA-75A6-3B5D-AF40-7CBFEECCB12C}
		{5217B8A0-C931-38F5-9FCB-323F105FA4D4} = {5217B8A0-C931-38F5-9FCB-323F105FA4D4}
		{C6BE38CB-7F4F-3497-AAF2-72757692730D} = {C6BE38CB-7F4F-3497-AAF2-72757692730D}
		{8101A096-4E6C-396D-8672-01F834EBB7DA} = {8101A096-4E6C-396D-8672-01F834EBB7DA}
		{216CABF1-7A72-3D9C-841D-B7EECE67C856} = {216CABF1-7A72-3D9C-841D-B7EECE67C856}
		{74E869A1-401C-39AB-8F2B-8CF732C3E3BB} = {74E869A1-401C-39AB-8F2B-8CF732C3E3BB}
		{81BCA296-AE87-31FD-9ADA-2763E703185C} = {81BCA296-AE87-31FD-9ADA-2763E703185C}
		{BFF270F2-7FA4-3481-914F-289D59E7EA89} = {BFF270F2-7FA4-3481-914F-289D59E7EA89}
		{9B9B3552-C84D-3539-9097-92FCB7CC83C5} = {9B9B3552-C84D-3539-9097-92FCB7CC83C5}
	EndProjectSection
EndProject
Project("{8BC9CEB8-8B4A-11D0-8D11-00A0C91BC942}") = "Pressure", "Pressure.vcxproj", "{67ACF040-27E5-3BC1-B16D-361E4C7B8662}"
	ProjectSection(ProjectDependencies) = postProject
		{5BF14093-2558-31DC-8432-F5A67F635ACD} = {5BF14093-2558-31DC-8432-F5A67F635ACD}
		{9B6B0DDD-542E-301D-AFD0-B3F930AA26E3} = {9B6B0DDD-542E-301D-AFD0-B3F930AA26E3}
		{F92519A5-E938-3F3E-A2E7-C4BB91DF7763} = {F92519A5-E938-3F3E-A2E7-C4BB91DF7763}
		{80DC47BC-C1B1-3B27-8528-F5A76C2FEDC8} = {80DC47BC-C1B1-3B27-8528-F5A76C2FEDC8}
		{FC427B51-2A49-3181-907B-12FCA75EE00A} = {FC427B51-2A49-3181-907B-12FCA75EE00A}
		{0E187DFA-75A6-3B5D-AF40-7CBFEECCB12C} = {0E187DFA-75A6-3B5D-AF40-7CBFEECCB12C}
		{5217B8A0-C931-38F5-9FCB-323F105FA4D4} = {5217B8A0-C931-38F5-9FCB-323F105FA4D4}
		{C6BE38CB-7F4F-3497-AAF2-72757692730D} = {C6BE38CB-7F4F-3497-AAF2-72757692730D}
		{8101A096-4E6C-396D-8672-01F834EBB7DA} = {8101A096-4E6C-396D-8672-01F834EBB7DA}
		{216CABF1-7A72-3D9C-841D-B7EECE67C856} = {216CABF1-7A72-3D9C-841D-B7EECE67C856}
		{74E869A1-401C-39AB-8F2B-8CF732C3E3BB} = {74E869A1-401C-39AB-8F2B-8CF732C3E3BB}
		{81BCA296-AE87-31FD-9ADA-2763E703185C} = {81BCA296-AE87-31FD-9ADA-2763E703185C}
		{BFF270F2-7FA4-3481-914F-289D59E7EA89} = {BFF270F2-7FA4-3481-914F-289D59E7EA89}
		{9B9B3552-C84D-3539-9097-92FCB7CC83C5} = {9B9B3552-C84D-3539-9097-92FCB7CC83C5}
	EndProjectSection
EndProject
Project("{8BC9CEB8-8B4A-11D0-8D11-00A0C91BC942}") = "SYNC_RESOURCE-Pressure", "SYNC_RESOURCE-Pressure.vcxproj", "{5BF14093-2558-31DC-8432-F5A67F635ACD}"
	ProjectSection(ProjectDependencies) = postProject
		{9B6B0DDD-542E-301D-AFD0-B3F930AA26E3} = {9B6B0DDD-542E-301D-AFD0-B3F930AA26E3}
	EndProjectSection
EndProject
Project("{8BC9CEB8-8B4A-11D0-8D11-00A0C91BC942}") = "ZERO_CHECK", "ZERO_CHECK.vcxproj", "{9B6B0DDD-542E-301D-AFD0-B3F930AA26E3}"
	ProjectSection(ProjectDependencies) = postProject
	EndProjectSection
EndProject
Project("{8BC9CEB8-8B4A-11D0-8D11-00A0C91BC942}") = "cocos2d", "engine\cocos\core\cocos2d.vcxproj", "{F92519A5-E938-3F3E-A2E7-C4BB91DF7763}"
	ProjectSection(ProjectDependencies) = postProject
		{9B6B0DDD-542E-301D-AFD0-B3F930AA26E3} = {9B6B0DDD-542E-301D-AFD0-B3F930AA26E3}
		{80DC47BC-C1B1-3B27-8528-F5A76C2FEDC8} = {80DC47BC-C1B1-3B27-8528-F5A76C2FEDC8}
		{FC427B51-2A49-3181-907B-12FCA75EE00A} = {FC427B51-2A49-3181-907B-12FCA75EE00A}
		{0E187DFA-75A6-3B5D-AF40-7CBFEECCB12C} = {0E187DFA-75A6-3B5D-AF40-7CBFEECCB12C}
		{5217B8A0-C931-38F5-9FCB-323F105FA4D4} = {5217B8A0-C931-38F5-9FCB-323F105FA4D4}
		{C6BE38CB-7F4F-3497-AAF2-72757692730D} = {C6BE38CB-7F4F-3497-AAF2-72757692730D}
		{8101A096-4E6C-396D-8672-01F834EBB7DA} = {8101A096-4E6C-396D-8672-01F834EBB7DA}
		{216CABF1-7A72-3D9C-841D-B7EECE67C856} = {216CABF1-7A72-3D9C-841D-B7EECE67C856}
		{74E869A1-401C-39AB-8F2B-8CF732C3E3BB} = {74E869A1-401C-39AB-8F2B-8CF732C3E3BB}
		{81BCA296-AE87-31FD-9ADA-2763E703185C} = {81BCA296-AE87-31FD-9ADA-2763E703185C}
		{BFF270F2-7FA4-3481-914F-289D59E7EA89} = {BFF270F2-7FA4-3481-914F-289D59E7EA89}
		{9B9B3552-C84D-3539-9097-92FCB7CC83C5} = {9B9B3552-C84D-3539-9097-92FCB7CC83C5}
	EndProjectSection
EndProject
Project("{8BC9CEB8-8B4A-11D0-8D11-00A0C91BC942}") = "ext_clipper", "engine\external\clipper\ext_clipper.vcxproj", "{80DC47BC-C1B1-3B27-8528-F5A76C2FEDC8}"
	ProjectSection(ProjectDependencies) = postProject
		{9B6B0DDD-542E-301D-AFD0-B3F930AA26E3} = {9B6B0DDD-542E-301D-AFD0-B3F930AA26E3}
	EndProjectSection
EndProject
Project("{8BC9CEB8-8B4A-11D0-8D11-00A0C91BC942}") = "ext_convertUTF", "engine\external\ConvertUTF\ext_convertUTF.vcxproj", "{FC427B51-2A49-3181-907B-12FCA75EE00A}"
	ProjectSection(ProjectDependencies) = postProject
		{9B6B0DDD-542E-301D-AFD0-B3F930AA26E3} = {9B6B0DDD-542E-301D-AFD0-B3F930AA26E3}
	EndProjectSection
EndProject
Project("{8BC9CEB8-8B4A-11D0-8D11-00A0C91BC942}") = "ext_edtaa3func", "engine\external\edtaa3func\ext_edtaa3func.vcxproj", "{0E187DFA-75A6-3B5D-AF40-7CBFEECCB12C}"
	ProjectSection(ProjectDependencies) = postProject
		{9B6B0DDD-542E-301D-AFD0-B3F930AA26E3} = {9B6B0DDD-542E-301D-AFD0-B3F930AA26E3}
	EndProjectSection
EndProject
Project("{8BC9CEB8-8B4A-11D0-8D11-00A0C91BC942}") = "ext_md5", "engine\external\md5\ext_md5.vcxproj", "{5217B8A0-C931-38F5-9FCB-323F105FA4D4}"
	ProjectSection(ProjectDependencies) = postProject
		{9B6B0DDD-542E-301D-AFD0-B3F930AA26E3} = {9B6B0DDD-542E-301D-AFD0-B3F930AA26E3}
	EndProjectSection
EndProject
Project("{8BC9CEB8-8B4A-11D0-8D11-00A0C91BC942}") = "ext_poly2tri", "engine\external\poly2tri\ext_poly2tri.vcxproj", "{C6BE38CB-7F4F-3497-AAF2-72757692730D}"
	ProjectSection(ProjectDependencies) = postProject
		{9B6B0DDD-542E-301D-AFD0-B3F930AA26E3} = {9B6B0DDD-542E-301D-AFD0-B3F930AA26E3}
	EndProjectSection
EndProject
Project("{8BC9CEB8-8B4A-11D0-8D11-00A0C91BC942}") = "ext_recast", "engine\external\recast\ext_recast.vcxproj", "{8101A096-4E6C-396D-8672-01F834EBB7DA}"
	ProjectSection(ProjectDependencies) = postProject
		{9B6B0DDD-542E-301D-AFD0-B3F930AA26E3} = {9B6B0DDD-542E-301D-AFD0-B3F930AA26E3}
	EndProjectSection
EndProject
Project("{8BC9CEB8-8B4A-11D0-8D11-00A0C91BC942}") = "ext_tinyxml2", "engine\external\tinyxml2\ext_tinyxml2.vcxproj", "{216CABF1-7A72-3D9C-841D-B7EECE67C856}"
	ProjectSection(ProjectDependencies) = postProject
		{9B6B0DDD-542E-301D-AFD0-B3F930AA26E3} = {9B6B0DDD-542E-301D-AFD0-B3F930AA26E3}
	EndProjectSection
EndProject
Project("{8BC9CEB8-8B4A-11D0-8D11-00A0C91BC942}") = "ext_unzip", "engine\external\unzip\ext_unzip.vcxproj", "{74E869A1-401C-39AB-8F2B-8CF732C3E3BB}"
	ProjectSection(ProjectDependencies) = postProject
		{9B6B0DDD-542E-301D-AFD0-B3F930AA26E3} = {9B6B0DDD-542E-301D-AFD0-B3F930AA26E3}
	EndProjectSection
EndProject
Project("{8BC9CEB8-8B4A-11D0-8D11-00A0C91BC942}") = "ext_xxhash", "engine\external\xxhash\ext_xxhash.vcxproj", "{81BCA296-AE87-31FD-9ADA-2763E703185C}"
	ProjectSection(ProjectDependencies) = postProject
		{9B6B0DDD-542E-301D-AFD0-B3F930AA26E3} = {9B6B0DDD-542E-301D-AFD0-B3F930AA26E3}
	EndProjectSection
EndProject
Project("{8BC9CEB8-8B4A-11D0-8D11-00A0C91BC942}") = "ext_xxtea", "engine\external\xxtea\ext_xxtea.vcxproj", "{BFF270F2-7FA4-3481-914F-289D59E7EA89}"
	ProjectSection(ProjectDependencies) = postProject
		{9B6B0DDD-542E-301D-AFD0-B3F930AA26E3} = {9B6B0DDD-542E-301D-AFD0-B3F930AA26E3}
	EndProjectSection
EndProject
Project("{8BC9CEB8-8B4A-11D0-8D11-00A0C91BC942}") = "external", "engine\external\external.vcxproj", "{9B9B3552-C84D-3539-9097-92FCB7CC83C5}"
	ProjectSection(ProjectDependencies) = postProject
		{9B6B0DDD-542E-301D-AFD0-B3F930AA26E3} = {9B6B0DDD-542E-301D-AFD0-B3F930AA26E3}
		{80DC47BC-C1B1-3B27-8528-F5A76C2FEDC8} = {80DC47BC-C1B1-3B27-8528-F5A76C2FEDC8}
		{FC427B51-2A49-3181-907B-12FCA75EE00A} = {FC427B51-2A49-3181-907B-12FCA75EE00A}
		{0E187DFA-75A6-3B5D-AF40-7CBFEECCB12C} = {0E187DFA-75A6-3B5D-AF40-7CBFEECCB12C}
		{5217B8A0-C931-38F5-9FCB-323F105FA4D4} = {5217B8A0-C931-38F5-9FCB-323F105FA4D4}
		{C6BE38CB-7F4F-3497-AAF2-72757692730D} = {C6BE38CB-7F4F-3497-AAF2-72757692730D}
		{8101A096-4E6C-396D-8672-01F834EBB7DA} = {8101A096-4E6C-396D-8672-01F834EBB7DA}
		{216CABF1-7A72-3D9C-841D-B7EECE67C856} = {216CABF1-7A72-3D9C-841D-B7EECE67C856}
		{74E869A1-401C-39AB-8F2B-8CF732C3E3BB} = {74E869A1-401C-39AB-8F2B-8CF732C3E3BB}
		{81BCA296-AE87-31FD-9ADA-2763E703185C} = {81BCA296-AE87-31FD-9ADA-2763E703185C}
		{BFF270F2-7FA4-3481-914F-289D59E7EA89} = {BFF270F2-7FA4-3481-914F-289D59E7EA89}
	EndProjectSection
EndProject
Global
	GlobalSection(SolutionConfigurationPlatforms) = preSolution
		Debug|Win32 = Debug|Win32
		Release|Win32 = Release|Win32
		MinSizeRel|Win32 = MinSizeRel|Win32
		RelWithDebInfo|Win32 = RelWithDebInfo|Win32
	EndGlobalSection
	GlobalSection(ProjectConfigurationPlatforms) = postSolution
		{D53EEBB5-8479-3451-B5D9-1EB11EED892A}.Debug|Win32.ActiveCfg = Debug|Win32
		{D53EEBB5-8479-3451-B5D9-1EB11EED892A}.Release|Win32.ActiveCfg = Release|Win32
		{D53EEBB5-8479-3451-B5D9-1EB11EED892A}.MinSizeRel|Win32.ActiveCfg = MinSizeRel|Win32
		{D53EEBB5-8479-3451-B5D9-1EB11EED892A}.RelWithDebInfo|Win32.ActiveCfg = RelWithDebInfo|Win32
		{67ACF040-27E5-3BC1-B16D-361E4C7B8662}.Debug|Win32.ActiveCfg = Debug|Win32
		{67ACF040-27E5-3BC1-B16D-361E4C7B8662}.Debug|Win32.Build.0 = Debug|Win32
		{67ACF040-27E5-3BC1-B16D-361E4C7B8662}.Release|Win32.ActiveCfg = Release|Win32
		{67ACF040-27E5-3BC1-B16D-361E4C7B8662}.Release|Win32.Build.0 = Release|Win32
		{67ACF040-27E5-3BC1-B16D-361E4C7B8662}.MinSizeRel|Win32.ActiveCfg = MinSizeRel|Win32
		{67ACF040-27E5-3BC1-B16D-361E4C7B8662}.MinSizeRel|Win32.Build.0 = MinSizeRel|Win32
		{67ACF040-27E5-3BC1-B16D-361E4C7B8662}.RelWithDebInfo|Win32.ActiveCfg = RelWithDebInfo|Win32
		{67ACF040-27E5-3BC1-B16D-361E4C7B8662}.RelWithDebInfo|Win32.Build.0 = RelWithDebInfo|Win32
		{5BF14093-2558-31DC-8432-F5A67F635ACD}.Debug|Win32.ActiveCfg = Debug|Win32
		{5BF14093-2558-31DC-8432-F5A67F635ACD}.Debug|Win32.Build.0 = Debug|Win32
		{5BF14093-2558-31DC-8432-F5A67F635ACD}.Release|Win32.ActiveCfg = Release|Win32
		{5BF14093-2558-31DC-8432-F5A67F635ACD}.Release|Win32.Build.0 = Release|Win32
		{5BF14093-2558-31DC-8432-F5A67F635ACD}.MinSizeRel|Win32.ActiveCfg = MinSizeRel|Win32
		{5BF14093-2558-31DC-8432-F5A67F635ACD}.MinSizeRel|Win32.Build.0 = MinSizeRel|Win32
		{5BF14093-2558-31DC-8432-F5A67F635ACD}.RelWithDebInfo|Win32.ActiveCfg = RelWithDebInfo|Win32
		{5BF14093-2558-31DC-8432-F5A67F635ACD}.RelWithDebInfo|Win32.Build.0 = RelWithDebInfo|Win32
		{9B6B0DDD-542E-301D-AFD0-B3F930AA26E3}.Debug|Win32.ActiveCfg = Debug|Win32
		{9B6B0DDD-542E-301D-AFD0-B3F930AA26E3}.Debug|Win32.Build.0 = Debug|Win32
		{9B6B0DDD-542E-301D-AFD0-B3F930AA26E3}.Release|Win32.ActiveCfg = Release|Win32
		{9B6B0DDD-542E-301D-AFD0-B3F930AA26E3}.Release|Win32.Build.0 = Release|Win32
		{9B6B0DDD-542E-301D-AFD0-B3F930AA26E3}.MinSizeRel|Win32.ActiveCfg = MinSizeRel|Win32
		{9B6B0DDD-542E-301D-AFD0-B3F930AA26E3}.MinSizeRel|Win32.Build.0 = MinSizeRel|Win32
		{9B6B0DDD-542E-301D-AFD0-B3F930AA26E3}.RelWithDebInfo|Win32.ActiveCfg = RelWithDebInfo|Win32
		{9B6B0DDD-542E-301D-AFD0-B3F930AA26E3}.RelWithDebInfo|Win32.Build.0 = RelWithDebInfo|Win32
		{F92519A5-E938-3F3E-A2E7-C4BB91DF7763}.Debug|Win32.ActiveCfg = Debug|Win32
		{F92519A5-E938-3F3E-A2E7-C4BB91DF7763}.Debug|Win32.Build.0 = Debug|Win32
		{F92519A5-E938-3F3E-A2E7-C4BB91DF7763}.Release|Win32.ActiveCfg = Release|Win32
		{F92519A5-E938-3F3E-A2E7-C4BB91DF7763}.Release|Win32.Build.0 = Release|Win32
		{F92519A5-E938-3F3E-A2E7-C4BB91DF7763}.MinSizeRel|Win32.ActiveCfg = MinSizeRel|Win32
		{F92519A5-E938-3F3E-A2E7-C4BB91DF7763}.MinSizeRel|Win32.Build.0 = MinSizeRel|Win32
		{F92519A5-E938-3F3E-A2E7-C4BB91DF7763}.RelWithDebInfo|Win32.ActiveCfg = RelWithDebInfo|Win32
		{F92519A5-E938-3F3E-A2E7-C4BB91DF7763}.RelWithDebInfo|Win32.Build.0 = RelWithDebInfo|Win32
		{80DC47BC-C1B1-3B27-8528-F5A76C2FEDC8}.Debug|Win32.ActiveCfg = Debug|Win32
		{80DC47BC-C1B1-3B27-8528-F5A76C2FEDC8}.Debug|Win32.Build.0 = Debug|Win32
		{80DC47BC-C1B1-3B27-8528-F5A76C2FEDC8}.Release|Win32.ActiveCfg = Release|Win32
		{80DC47BC-C1B1-3B27-8528-F5A76C2FEDC8}.Release|Win32.Build.0 = Release|Win32
		{80DC47BC-C1B1-3B27-8528-F5A76C2FEDC8}.MinSizeRel|Win32.ActiveCfg = MinSizeRel|Win32
		{80DC47BC-C1B1-3B27-8528-F5A76C2FEDC8}.MinSizeRel|Win32.Build.0 = MinSizeRel|Win32
		{80DC47BC-C1B1-3B27-8528-F5A76C2FEDC8}.RelWithDebInfo|Win32.ActiveCfg = RelWithDebInfo|Win32
		{80DC47BC-C1B1-3B27-8528-F5A76C2FEDC8}.RelWithDebInfo|Win32.Build.0 = RelWithDebInfo|Win32
		{FC427B51-2A49-3181-907B-12FCA75EE00A}.Debug|Win32.ActiveCfg = Debug|Win32
		{FC427B51-2A49-3181-907B-12FCA75EE00A}.Debug|Win32.Build.0 = Debug|Win32
		{FC427B51-2A49-3181-907B-12FCA75EE00A}.Release|Win32.ActiveCfg = Release|Win32
		{FC427B51-2A49-3181-907B-12FCA75EE00A}.Release|Win32.Build.0 = Release|Win32
		{FC427B51-2A49-3181-907B-12FCA75EE00A}.MinSizeRel|Win32.ActiveCfg = MinSizeRel|Win32
		{FC427B51-2A49-3181-907B-12FCA75EE00A}.MinSizeRel|Win32.Build.0 = MinSizeRel|Win32
		{FC427B51-2A49-3181-907B-12FCA75EE00A}.RelWithDebInfo|Win32.ActiveCfg = RelWithDebInfo|Win32
		{FC427B51-2A49-3181-907B-12FCA75EE00A}.RelWithDebInfo|Win32.Build.0 = RelWithDebInfo|Win32
		{0E187DFA-75A6-3B5D-AF40-7CBFEECCB12C}.Debug|Win32.ActiveCfg = Debug|Win32
		{0E187DFA-75A6-3B5D-AF40-7CBFEECCB12C}.Debug|Win32.Build.0 = Debug|Win32
		{0E187DFA-75A6-3B5D-AF40-7CBFEECCB12C}.Release|Win32.ActiveCfg = Release|Win32
		{0E187DFA-75A6-3B5D-AF40-7CBFEECCB12C}.Release|Win32.Build.0 = Release|Win32
		{0E187DFA-75A6-3B5D-AF40-7CBFEECCB12C}.MinSizeRel|Win32.ActiveCfg = MinSizeRel|Win32
		{0E187DFA-75A6-3B5D-AF40-7CBFEECCB12C}.MinSizeRel|Win32.Build.0 = MinSizeRel|Win32
		{0E187DFA-75A6-3B5D-AF40-7CBFEECCB12C}.RelWithDebInfo|Win32.ActiveCfg = RelWithDebInfo|Win32
		{0E187DFA-75A6-3B5D-AF40-7CBFEECCB12C}.RelWithDebInfo|Win32.Build.0 = RelWithDebInfo|Win32
		{5217B8A0-C931-38F5-9FCB-323F105FA4D4}.Debug|Win32.ActiveCfg = Debug|Win32
		{5217B8A0-C931-38F5-9FCB-323F105FA4D4}.Debug|Win32.Build.0 = Debug|Win32
		{5217B8A0-C931-38F5-9FCB-323F105FA4D4}.Release|Win32.ActiveCfg = Release|Win32
		{5217B8A0-C931-38F5-9FCB-323F105FA4D4}.Release|Win32.Build.0 = Release|Win32
		{5217B8A0-C931-38F5-9FCB-323F105FA4D4}.MinSizeRel|Win32.ActiveCfg = MinSizeRel|Win32
		{5217B8A0-C931-38F5-9FCB-323F105FA4D4}.MinSizeRel|Win32.Build.0 = MinSizeRel|Win32
		{5217B8A0-C931-38F5-9FCB-323F105FA4D4}.RelWithDebInfo|Win32.ActiveCfg = RelWithDebInfo|Win32
		{5217B8A0-C931-38F5-9FCB-323F105FA4D4}.RelWithDebInfo|Win32.Build.0 = RelWithDebInfo|Win32
		{C6BE38CB-7F4F-3497-AAF2-72757692730D}.Debug|Win32.ActiveCfg = Debug|Win32
		{C6BE38CB-7F4F-3497-AAF2-72757692730D}.Debug|Win32.Build.0 = Debug|Win32
		{C6BE38CB-7F4F-3497-AAF2-72757692730D}.Release|Win32.ActiveCfg = Release|Win32
		{C6BE38CB-7F4F-3497-AAF2-72757692730D}.Release|Win32.Build.0 = Release|Win32
		{C6BE38CB-7F4F-3497-AAF2-72757692730D}.MinSizeRel|Win32.ActiveCfg = MinSizeRel|Win32
		{C6BE38CB-7F4F-3497-AAF2-72757692730D}.MinSizeRel|Win32.Build.0 = MinSizeRel|Win32
		{C6BE38CB-7F4F-3497-AAF2-72757692730D}.RelWithDebInfo|Win32.ActiveCfg = RelWithDebInfo|Win32
		{C6BE38CB-7F4F-3497-AAF2-72757692730D}.RelWithDebInfo|Win32.Build.0 = RelWithDebInfo|Win32
		{8101A096-4E6C-396D-8672-01F834EBB7DA}.Debug|Win32.ActiveCfg = Debug|Win32
		{8101A096-4E6C-396D-8672-01F834EBB7DA}.Debug|Win32.Build.0 = Debug|Win32
		{8101A096-4E6C-396D-8672-01F834EBB7DA}.Release|Win32.ActiveCfg = Release|Win32
		{8101A096-4E6C-396D-8672-01F834EBB7DA}.Release|Win32.Build.0 = Release|Win32
		{8101A096-4E6C-396D-8672-01F834EBB7DA}.MinSizeRel|Win32.ActiveCfg = MinSizeRel|Win32
		{8101A096-4E6C-396D-8672-01F834EBB7DA}.MinSizeRel|Win32.Build.0 = MinSizeRel|Win32
		{8101A096-4E6C-396D-8672-01F834EBB7DA}.RelWithDebInfo|Win32.ActiveCfg = RelWithDebInfo|Win32
		{8101A096-4E6C-396D-8672-01F834EBB7DA}.RelWithDebInfo|Win32.Build.0 = RelWithDebInfo|Win32
		{216CABF1-7A72-3D9C-841D-B7EECE67C856}.Debug|Win32.ActiveCfg = Debug|Win32
		{216CABF1-7A72-3D9C-841D-B7EECE67C856}.Debug|Win32.Build.0 = Debug|Win32
		{216CABF1-7A72-3D9C-841D-B7EECE67C856}.Release|Win32.ActiveCfg = Release|Win32
		{216CABF1-7A72-3D9C-841D-B7EECE67C856}.Release|Win32.Build.0 = Release|Win32
		{216CABF1-7A72-3D9C-841D-B7EECE67C856}.MinSizeRel|Win32.ActiveCfg = MinSizeRel|Win32
		{216CABF1-7A72-3D9C-841D-B7EECE67C856}.MinSizeRel|Win32.Build.0 = MinSizeRel|Win32
		{216CABF1-7A72-3D9C-841D-B7EECE67C856}.RelWithDebInfo|Win32.ActiveCfg = RelWithDebInfo|Win32
		{216CABF1-7A72-3D9C-841D-B7EECE67C856}.RelWithDebInfo|Win32.Build.0 = RelWithDebInfo|Win32
		{74E869A1-401C-39AB-8F2B-8CF732C3E3BB}.Debug|Win32.ActiveCfg = Debug|Win32
		{74E869A1-401C-39AB-8F2B-8CF732C3E3BB}.Debug|Win32.Build.0 = Debug|Win32
		{74E869A1-401C-39AB-8F2B-8CF732C3E3BB}.Release|Win32.ActiveCfg = Release|Win32
		{74E869A1-401C-39AB-8F2B-8CF732C3E3BB}.Release|Win32.Build.0 = Release|Win32
		{74E869A1-401C-39AB-8F2B-8CF732C3E3BB}.MinSizeRel|Win32.ActiveCfg = MinSizeRel|Win32
		{74E869A1-401C-39AB-8F2B-8CF732C3E3BB}.MinSizeRel|Win32.Build.0 = MinSizeRel|Win32
		{74E869A1-401C-39AB-8F2B-8CF732C3E3BB}.RelWithDebInfo|Win32.ActiveCfg = RelWithDebInfo|Win32
		{74E869A1-401C-39AB-8F2B-8CF732C3E3BB}.RelWithDebInfo|Win32.Build.0 = RelWithDebInfo|Win32
		{81BCA296-AE87-31FD-9ADA-2763E703185C}.Debug|Win32.ActiveCfg = Debug|Win32
		{81BCA296-AE87-31FD-9ADA-2763E703185C}.Debug|Win32.Build.0 = Debug|Win32
		{81BCA296-AE87-31FD-9ADA-2763E703185C}.Release|Win32.ActiveCfg = Release|Win32
		{81BCA296-AE87-31FD-9ADA-2763E703185C}.Release|Win32.Build.0 = Release|Win32
		{81BCA296-AE87-31FD-9ADA-2763E703185C}.MinSizeRel|Win32.ActiveCfg = MinSizeRel|Win32
		{81BCA296-AE87-31FD-9ADA-2763E703185C}.MinSizeRel|Win32.Build.0 = MinSizeRel|Win32
		{81BCA296-AE87-31FD-9ADA-2763E703185C}.RelWithDebInfo|Win32.ActiveCfg = RelWithDebInfo|Win32
		{81BCA296-AE87-31FD-9ADA-2763E703185C}.RelWithDebInfo|Win32.Build.0 = RelWithDebInfo|Win32
		{BFF270F2-7FA4-3481-914F-289D59E7EA89}.Debug|Win32.ActiveCfg = Debug|Win32
		{BFF270F2-7FA4-3481-914F-289D59E7EA89}.Debug|Win32.Build.0 = Debug|Win32
		{BFF270F2-7FA4-3481-914F-289D59E7EA89}.Release|Win32.ActiveCfg = Release|Win32
		{BFF270F2-7FA4-3481-914F-289D59E7EA89}.Release|Win32.Build.0 = Release|Win32
		{BFF270F2-7FA4-3481-914F-289D59E7EA89}.MinSizeRel|Win32.ActiveCfg = MinSizeRel|Win32
		{BFF270F2-7FA4-3481-914F-289D59E7EA89}.MinSizeRel|Win32.Build.0 = MinSizeRel|Win32
		{BFF270F2-7FA4-3481-914F-289D59E7EA89}.RelWithDebInfo|Win32.ActiveCfg = RelWithDebInfo|Win32
		{BFF270F2-7FA4-3481-914F-289D59E7EA89}.RelWithDebInfo|Win32.Build.0 = RelWithDebInfo|Win32
		{9B9B3552-C84D-3539-9097-92FCB7CC83C5}.Debug|Win32.ActiveCfg = Debug|Win32
		{9B9B3552-C84D-3539-9097-92FCB7CC83C5}.Debug|Win32.Build.0 = Debug|Win32
		{9B9B3552-C84D-3539-9097-92FCB7CC83C5}.Release|Win32.ActiveCfg = Release|Win32
		{9B9B3552-C84D-3539-9097-92FCB7CC83C5}.Release|Win32.Build.0 = Release|Win32
		{9B9B3552-C84D-3539-9097-92FCB7CC83C5}.MinSizeRel|Win32.ActiveCfg = MinSizeRel|Win32
		{9B9B3552-C84D-3539-9097-92FCB7CC83C5}.MinSizeRel|Win32.Build.0 = MinSizeRel|Win32
		{9B9B3552-C84D-3539-9097-92FCB7CC83C5}.RelWithDebInfo|Win32.ActiveCfg = RelWithDebInfo|Win32
		{9B9B3552-C84D-3539-9097-92FCB7CC83C5}.RelWithDebInfo|Win32.Build.0 = RelWithDebInfo|Win32
	EndGlobalSection
	GlobalSection(NestedProjects) = preSolution
		{D53EEBB5-8479-3451-B5D9-1EB11EED892A} = {1EC2F960-29CA-3B30-B35E-C0C1F05D97ED}
		{9B6B0DDD-542E-301D-AFD0-B3F930AA26E3} = {1EC2F960-29CA-3B30-B35E-C0C1F05D97ED}
		{80DC47BC-C1B1-3B27-8528-F5A76C2FEDC8} = {8A58B5DB-EA7F-3418-B0A4-9B4F89BB7FEC}
		{FC427B51-2A49-3181-907B-12FCA75EE00A} = {8A58B5DB-EA7F-3418-B0A4-9B4F89BB7FEC}
		{0E187DFA-75A6-3B5D-AF40-7CBFEECCB12C} = {8A58B5DB-EA7F-3418-B0A4-9B4F89BB7FEC}
		{5217B8A0-C931-38F5-9FCB-323F105FA4D4} = {8A58B5DB-EA7F-3418-B0A4-9B4F89BB7FEC}
		{C6BE38CB-7F4F-3497-AAF2-72757692730D} = {8A58B5DB-EA7F-3418-B0A4-9B4F89BB7FEC}
		{8101A096-4E6C-396D-8672-01F834EBB7DA} = {8A58B5DB-EA7F-3418-B0A4-9B4F89BB7FEC}
		{216CABF1-7A72-3D9C-841D-B7EECE67C856} = {8A58B5DB-EA7F-3418-B0A4-9B4F89BB7FEC}
		{74E869A1-401C-39AB-8F2B-8CF732C3E3BB} = {8A58B5DB-EA7F-3418-B0A4-9B4F89BB7FEC}
		{81BCA296-AE87-31FD-9ADA-2763E703185C} = {8A58B5DB-EA7F-3418-B0A4-9B4F89BB7FEC}
		{BFF270F2-7FA4-3481-914F-289D59E7EA89} = {8A58B5DB-EA7F-3418-B0A4-9B4F89BB7FEC}
		{9B9B3552-C84D-3539-9097-92FCB7CC83C5} = {8A58B5DB-EA7F-3418-B0A4-9B4F89BB7FEC}
		{F92519A5-E938-3F3E-A2E7-C4BB91DF7763} = {E9FCE745-3C86-3A8B-808F-7D3B49424AD3}
		{5BF14093-2558-31DC-8432-F5A67F635ACD} = {5E04E405-9D25-3A66-B127-62DF63B83BB1}
	EndGlobalSection
	GlobalSection(ExtensibilityGlobals) = postSolution
		SolutionGuid = {493BF9A2-C4B8-3A27-940F-4690F125F3F0}
	EndGlobalSection
	GlobalSection(ExtensibilityAddIns) = postSolution
	EndGlobalSection
EndGlobal
